
Microsoft Visual Studio Solution File, Format Version 11.00
# Visual Studio 2010
Project("{FAE04EC0-301F-11D3-BF4B-00C04F79EFBC}") = "Assembly-CSharp", "Assembly-CSharp.csproj", "{0d974a02-50f0-6189-b56e-11eb16733b39}"
EndProject
Project("{FAE04EC0-301F-11D3-BF4B-00C04F79EFBC}") = "Assembly-CSharp-Editor", "Assembly-CSharp-Editor.csproj", "{83c1346c-605d-0be5-1ac3-c0f66542e197}"
EndProject
Global
	GlobalSection(SolutionConfigurationPlatforms) = preSolution
		Debug|Any CPU = Debug|Any CPU
	EndGlobalSection
	GlobalSection(ProjectConfigurationPlatforms) = postSolution
		{0d974a02-50f0-6189-b56e-11eb16733b39}.Debug|Any CPU.ActiveCfg = Debug|Any CPU
		{0d974a02-50f0-6189-b56e-11eb16733b39}.Debug|Any CPU.Build.0 = Debug|Any CPU
		{83c1346c-605d-0be5-1ac3-c0f66542e197}.Debug|Any CPU.ActiveCfg = Debug|Any CPU
		{83c1346c-605d-0be5-1ac3-c0f66542e197}.Debug|Any CPU.Build.0 = Debug|Any CPU
	EndGlobalSection
	GlobalSection(SolutionProperties) = preSolution
		HideSolutionNode = FALSE
	EndGlobalSection
EndGlobal
